
Microsoft Visual Studio Solution File, Format Version 12.00
# Visual Studio Version 17
VisualStudioVersion = 17.8.34309.116
MinimumVisualStudioVersion = 10.0.40219.1
Project("{FAE04EC0-301F-11D3-BF4B-00C04F79EFBC}") = "bevolkerung", "bevolkerung\bevolkerung.csproj", "{F8C49B54-2564-4AF3-BBCE-09E41759B30E}"
EndProject
Global
	GlobalSection(SolutionConfigurationPlatforms) = preSolution
		Debug|Any CPU = Debug|Any CPU
		Release|Any CPU = Release|Any CPU
	EndGlobalSection
	GlobalSection(ProjectConfigurationPlatforms) = postSolution
		{F8C49B54-2564-4AF3-BBCE-09E41759B30E}.Debug|Any CPU.ActiveCfg = Debug|Any CPU
		{F8C49B54-2564-4AF3-BBCE-09E41759B30E}.Debug|Any CPU.Build.0 = Debug|Any CPU
		{F8C49B54-2564-4AF3-BBCE-09E41759B30E}.Release|Any CPU.ActiveCfg = Release|Any CPU
		{F8C49B54-2564-4AF3-BBCE-09E41759B30E}.Release|Any CPU.Build.0 = Release|Any CPU
	EndGlobalSection
	GlobalSection(SolutionProperties) = preSolution
		HideSolutionNode = FALSE
	EndGlobalSection
	GlobalSection(ExtensibilityGlobals) = postSolution
		SolutionGuid = {0F357B07-0B04-4136-9083-E9DC50035150}
	EndGlobalSection
EndGlobal
